
Microsoft Visual Studio Solution File, Format Version 12.00
# Visual Studio 15
VisualStudioVersion = 15.0.26730.8
MinimumVisualStudioVersion = 10.0.40219.1
Project("{9A19103F-16F7-4668-BE54-9A1E7A4F7556}") = "CleverCore.WebApp", "CleverCore.WebApp\CleverCore.WebApp.csproj", "{A5DB3705-DBE2-4880-9239-F47D26857DE7}"
EndProject
Project("{9A19103F-16F7-4668-BE54-9A1E7A4F7556}") = "CleverCore.Infrastructure", "CleverCore.Infrastructure\CleverCore.Infrastructure.csproj", "{C7698AEE-7750-4D90-8ADF-EC8C7372B835}"
EndProject
Project("{9A19103F-16F7-4668-BE54-9A1E7A4F7556}") = "CleverCore.Utilities", "CleverCore.Utilities\CleverCore.Utilities.csproj", "{858E098F-F63C-49BD-8E95-7BFB5135A136}"
EndProject
Project("{9A19103F-16F7-4668-BE54-9A1E7A4F7556}") = "CleverCore.Data", "CleverCore.Data\CleverCore.Data.csproj", "{772F2407-18AB-48F7-B544-95C4FFC90866}"
EndProject
Project("{9A19103F-16F7-4668-BE54-9A1E7A4F7556}") = "CleverCore.Data.EF", "CleverCore.Data.EF\CleverCore.Data.EF.csproj", "{A91ACDB8-6717-4BDA-97AD-309799903FD6}"
EndProject
Project("{9A19103F-16F7-4668-BE54-9A1E7A4F7556}") = "CleverCore.Application", "CleverCore.Application\CleverCore.Application.csproj", "{E429173E-743B-4368-AEBD-4A466095B475}"
EndProject
Project("{2150E333-8FDC-42A3-9474-1A3956D46DE8}") = "1 - Presentation", "1 - Presentation", "{9B9CE55E-D9E6-4C52-B697-C4FBAB581793}"
EndProject
Project("{2150E333-8FDC-42A3-9474-1A3956D46DE8}") = "2 - Application", "2 - Application", "{844DB236-20AF-4F85-AC1F-A9A90BC3F6DC}"
EndProject
Project("{2150E333-8FDC-42A3-9474-1A3956D46DE8}") = "3 - Domain", "3 - Domain", "{307E923C-AA3A-4D88-B04E-E45EBA0322E9}"
EndProject
Project("{2150E333-8FDC-42A3-9474-1A3956D46DE8}") = "4 - Infrastructure", "4 - Infrastructure", "{60385C7C-CA9C-475E-9325-51229A8CC75A}"
EndProject
Project("{9A19103F-16F7-4668-BE54-9A1E7A4F7556}") = "CleverCore.Application.Dapper", "CleverCore.Application.Dapper\CleverCore.Application.Dapper.csproj", "{D278D187-3D13-4872-BB09-2F2F9A69E2FD}"
EndProject
Project("{9A19103F-16F7-4668-BE54-9A1E7A4F7556}") = "CleverCore.WebApi", "CleverCore.WebApi\CleverCore.WebApi.csproj", "{27171F34-3919-4F09-A7D7-6C6F9CAEFFC0}"
EndProject
Project("{2150E333-8FDC-42A3-9474-1A3956D46DE8}") = "5 - Test", "5 - Test", "{19D624B5-2C27-45D0-8965-5D181C068126}"
EndProject
Project("{FAE04EC0-301F-11D3-BF4B-00C04F79EFBC}") = "CleverCore.Utilities.Test", "CleverCore.Utilities.Test\CleverCore.Utilities.Test.csproj", "{610FB214-13AE-4F52-B533-F1B4862D27B9}"
EndProject
Project("{FAE04EC0-301F-11D3-BF4B-00C04F79EFBC}") = "CleverCore.Infrastructure.Test", "CleverCore.Infrastructure.Test\CleverCore.Infrastructure.Test.csproj", "{3C7B6621-938C-44E0-86B9-C57DA13B06AA}"
EndProject
Project("{FAE04EC0-301F-11D3-BF4B-00C04F79EFBC}") = "CleverCore.Data.EF.Test", "CleverCore.Data.EF.Test\CleverCore.Data.EF.Test.csproj", "{DD4E32D6-32F5-4EA4-B7FD-A5E3B79A90CD}"
EndProject
Project("{FAE04EC0-301F-11D3-BF4B-00C04F79EFBC}") = "CleverCore.Dapper.Test", "CleverCore.Dapper.Test\CleverCore.Dapper.Test.csproj", "{4E51C120-A705-4FCD-971B-898F2A09403C}"
EndProject
Project("{FAE04EC0-301F-11D3-BF4B-00C04F79EFBC}") = "CleverCore.Application.Test", "CleverCore.Application.Test\CleverCore.Application.Test.csproj", "{A23BF028-7B0E-42D4-89C6-261916247BEC}"
EndProject
Project("{FAE04EC0-301F-11D3-BF4B-00C04F79EFBC}") = "CleverCore.WebApp.Test", "CleverCore.WebApp.Test\CleverCore.WebApp.Test.csproj", "{232417BA-2633-4A47-A400-B905C348E6DC}"
EndProject
Project("{FAE04EC0-301F-11D3-BF4B-00C04F79EFBC}") = "CleverCore.WebApi.Test", "CleverCore.WebApi.Test\CleverCore.WebApi.Test.csproj", "{E0198AAB-B8F8-482E-9086-37C5D1AB65B8}"
EndProject
Global
	GlobalSection(SolutionConfigurationPlatforms) = preSolution
		Debug|Any CPU = Debug|Any CPU
		Release|Any CPU = Release|Any CPU
	EndGlobalSection
	GlobalSection(ProjectConfigurationPlatforms) = postSolution
		{A5DB3705-DBE2-4880-9239-F47D26857DE7}.Debug|Any CPU.ActiveCfg = Debug|Any CPU
		{A5DB3705-DBE2-4880-9239-F47D26857DE7}.Debug|Any CPU.Build.0 = Debug|Any CPU
		{A5DB3705-DBE2-4880-9239-F47D26857DE7}.Release|Any CPU.ActiveCfg = Release|Any CPU
		{A5DB3705-DBE2-4880-9239-F47D26857DE7}.Release|Any CPU.Build.0 = Release|Any CPU
		{C7698AEE-7750-4D90-8ADF-EC8C7372B835}.Debug|Any CPU.ActiveCfg = Debug|Any CPU
		{C7698AEE-7750-4D90-8ADF-EC8C7372B835}.Debug|Any CPU.Build.0 = Debug|Any CPU
		{C7698AEE-7750-4D90-8ADF-EC8C7372B835}.Release|Any CPU.ActiveCfg = Release|Any CPU
		{C7698AEE-7750-4D90-8ADF-EC8C7372B835}.Release|Any CPU.Build.0 = Release|Any CPU
		{858E098F-F63C-49BD-8E95-7BFB5135A136}.Debug|Any CPU.ActiveCfg = Debug|Any CPU
		{858E098F-F63C-49BD-8E95-7BFB5135A136}.Debug|Any CPU.Build.0 = Debug|Any CPU
		{858E098F-F63C-49BD-8E95-7BFB5135A136}.Release|Any CPU.ActiveCfg = Release|Any CPU
		{858E098F-F63C-49BD-8E95-7BFB5135A136}.Release|Any CPU.Build.0 = Release|Any CPU
		{772F2407-18AB-48F7-B544-95C4FFC90866}.Debug|Any CPU.ActiveCfg = Debug|Any CPU
		{772F2407-18AB-48F7-B544-95C4FFC90866}.Debug|Any CPU.Build.0 = Debug|Any CPU
		{772F2407-18AB-48F7-B544-95C4FFC90866}.Release|Any CPU.ActiveCfg = Release|Any CPU
		{772F2407-18AB-48F7-B544-95C4FFC90866}.Release|Any CPU.Build.0 = Release|Any CPU
		{A91ACDB8-6717-4BDA-97AD-309799903FD6}.Debug|Any CPU.ActiveCfg = Debug|Any CPU
		{A91ACDB8-6717-4BDA-97AD-309799903FD6}.Debug|Any CPU.Build.0 = Debug|Any CPU
		{A91ACDB8-6717-4BDA-97AD-309799903FD6}.Release|Any CPU.ActiveCfg = Release|Any CPU
		{A91ACDB8-6717-4BDA-97AD-309799903FD6}.Release|Any CPU.Build.0 = Release|Any CPU
		{E429173E-743B-4368-AEBD-4A466095B475}.Debug|Any CPU.ActiveCfg = Debug|Any CPU
		{E429173E-743B-4368-AEBD-4A466095B475}.Debug|Any CPU.Build.0 = Debug|Any CPU
		{E429173E-743B-4368-AEBD-4A466095B475}.Release|Any CPU.ActiveCfg = Release|Any CPU
		{E429173E-743B-4368-AEBD-4A466095B475}.Release|Any CPU.Build.0 = Release|Any CPU
		{D278D187-3D13-4872-BB09-2F2F9A69E2FD}.Debug|Any CPU.ActiveCfg = Debug|Any CPU
		{D278D187-3D13-4872-BB09-2F2F9A69E2FD}.Debug|Any CPU.Build.0 = Debug|Any CPU
		{D278D187-3D13-4872-BB09-2F2F9A69E2FD}.Release|Any CPU.ActiveCfg = Release|Any CPU
		{D278D187-3D13-4872-BB09-2F2F9A69E2FD}.Release|Any CPU.Build.0 = Release|Any CPU
		{27171F34-3919-4F09-A7D7-6C6F9CAEFFC0}.Debug|Any CPU.ActiveCfg = Debug|Any CPU
		{27171F34-3919-4F09-A7D7-6C6F9CAEFFC0}.Debug|Any CPU.Build.0 = Debug|Any CPU
		{27171F34-3919-4F09-A7D7-6C6F9CAEFFC0}.Release|Any CPU.ActiveCfg = Release|Any CPU
		{27171F34-3919-4F09-A7D7-6C6F9CAEFFC0}.Release|Any CPU.Build.0 = Release|Any CPU
		{610FB214-13AE-4F52-B533-F1B4862D27B9}.Debug|Any CPU.ActiveCfg = Debug|Any CPU
		{610FB214-13AE-4F52-B533-F1B4862D27B9}.Debug|Any CPU.Build.0 = Debug|Any CPU
		{610FB214-13AE-4F52-B533-F1B4862D27B9}.Release|Any CPU.ActiveCfg = Release|Any CPU
		{610FB214-13AE-4F52-B533-F1B4862D27B9}.Release|Any CPU.Build.0 = Release|Any CPU
		{3C7B6621-938C-44E0-86B9-C57DA13B06AA}.Debug|Any CPU.ActiveCfg = Debug|Any CPU
		{3C7B6621-938C-44E0-86B9-C57DA13B06AA}.Debug|Any CPU.Build.0 = Debug|Any CPU
		{3C7B6621-938C-44E0-86B9-C57DA13B06AA}.Release|Any CPU.ActiveCfg = Release|Any CPU
		{3C7B6621-938C-44E0-86B9-C57DA13B06AA}.Release|Any CPU.Build.0 = Release|Any CPU
		{DD4E32D6-32F5-4EA4-B7FD-A5E3B79A90CD}.Debug|Any CPU.ActiveCfg = Debug|Any CPU
		{DD4E32D6-32F5-4EA4-B7FD-A5E3B79A90CD}.Debug|Any CPU.Build.0 = Debug|Any CPU
		{DD4E32D6-32F5-4EA4-B7FD-A5E3B79A90CD}.Release|Any CPU.ActiveCfg = Release|Any CPU
		{DD4E32D6-32F5-4EA4-B7FD-A5E3B79A90CD}.Release|Any CPU.Build.0 = Release|Any CPU
		{4E51C120-A705-4FCD-971B-898F2A09403C}.Debug|Any CPU.ActiveCfg = Debug|Any CPU
		{4E51C120-A705-4FCD-971B-898F2A09403C}.Debug|Any CPU.Build.0 = Debug|Any CPU
		{4E51C120-A705-4FCD-971B-898F2A09403C}.Release|Any CPU.ActiveCfg = Release|Any CPU
		{4E51C120-A705-4FCD-971B-898F2A09403C}.Release|Any CPU.Build.0 = Release|Any CPU
		{A23BF028-7B0E-42D4-89C6-261916247BEC}.Debug|Any CPU.ActiveCfg = Debug|Any CPU
		{A23BF028-7B0E-42D4-89C6-261916247BEC}.Debug|Any CPU.Build.0 = Debug|Any CPU
		{A23BF028-7B0E-42D4-89C6-261916247BEC}.Release|Any CPU.ActiveCfg = Release|Any CPU
		{A23BF028-7B0E-42D4-89C6-261916247BEC}.Release|Any CPU.Build.0 = Release|Any CPU
		{232417BA-2633-4A47-A400-B905C348E6DC}.Debug|Any CPU.ActiveCfg = Debug|Any CPU
		{232417BA-2633-4A47-A400-B905C348E6DC}.Debug|Any CPU.Build.0 = Debug|Any CPU
		{232417BA-2633-4A47-A400-B905C348E6DC}.Release|Any CPU.ActiveCfg = Release|Any CPU
		{232417BA-2633-4A47-A400-B905C348E6DC}.Release|Any CPU.Build.0 = Release|Any CPU
		{E0198AAB-B8F8-482E-9086-37C5D1AB65B8}.Debug|Any CPU.ActiveCfg = Debug|Any CPU
		{E0198AAB-B8F8-482E-9086-37C5D1AB65B8}.Debug|Any CPU.Build.0 = Debug|Any CPU
		{E0198AAB-B8F8-482E-9086-37C5D1AB65B8}.Release|Any CPU.ActiveCfg = Release|Any CPU
		{E0198AAB-B8F8-482E-9086-37C5D1AB65B8}.Release|Any CPU.Build.0 = Release|Any CPU
	EndGlobalSection
	GlobalSection(SolutionProperties) = preSolution
		HideSolutionNode = FALSE
	EndGlobalSection
	GlobalSection(NestedProjects) = preSolution
		{A5DB3705-DBE2-4880-9239-F47D26857DE7} = {9B9CE55E-D9E6-4C52-B697-C4FBAB581793}
		{C7698AEE-7750-4D90-8ADF-EC8C7372B835} = {60385C7C-CA9C-475E-9325-51229A8CC75A}
		{858E098F-F63C-49BD-8E95-7BFB5135A136} = {60385C7C-CA9C-475E-9325-51229A8CC75A}
		{772F2407-18AB-48F7-B544-95C4FFC90866} = {307E923C-AA3A-4D88-B04E-E45EBA0322E9}
		{A91ACDB8-6717-4BDA-97AD-309799903FD6} = {307E923C-AA3A-4D88-B04E-E45EBA0322E9}
		{E429173E-743B-4368-AEBD-4A466095B475} = {844DB236-20AF-4F85-AC1F-A9A90BC3F6DC}
		{D278D187-3D13-4872-BB09-2F2F9A69E2FD} = {844DB236-20AF-4F85-AC1F-A9A90BC3F6DC}
		{27171F34-3919-4F09-A7D7-6C6F9CAEFFC0} = {9B9CE55E-D9E6-4C52-B697-C4FBAB581793}
		{610FB214-13AE-4F52-B533-F1B4862D27B9} = {19D624B5-2C27-45D0-8965-5D181C068126}
		{3C7B6621-938C-44E0-86B9-C57DA13B06AA} = {19D624B5-2C27-45D0-8965-5D181C068126}
		{DD4E32D6-32F5-4EA4-B7FD-A5E3B79A90CD} = {19D624B5-2C27-45D0-8965-5D181C068126}
		{4E51C120-A705-4FCD-971B-898F2A09403C} = {19D624B5-2C27-45D0-8965-5D181C068126}
		{A23BF028-7B0E-42D4-89C6-261916247BEC} = {19D624B5-2C27-45D0-8965-5D181C068126}
		{232417BA-2633-4A47-A400-B905C348E6DC} = {19D624B5-2C27-45D0-8965-5D181C068126}
		{E0198AAB-B8F8-482E-9086-37C5D1AB65B8} = {19D624B5-2C27-45D0-8965-5D181C068126}
	EndGlobalSection
	GlobalSection(ExtensibilityGlobals) = postSolution
		SolutionGuid = {BDD37A10-3F44-4006-96E9-0F63F1506ACC}
	EndGlobalSection
EndGlobal
